
Microsoft Visual Studio Solution File, Format Version 12.00
# Visual Studio Version 17
VisualStudioVersion = 17.2.32630.192
MinimumVisualStudioVersion = 10.0.40219.1
Project("{FAE04EC0-301F-11D3-BF4B-00C04F79EFBC}") = "MVVM", "MVVM\MVVM.csproj", "{D80BD62A-DBC2-4EE4-9022-C084152FC2CC}"
EndProject
Global
	GlobalSection(SolutionConfigurationPlatforms) = preSolution
		Debug|Any CPU = Debug|Any CPU
		Release|Any CPU = Release|Any CPU
	EndGlobalSection
	GlobalSection(ProjectConfigurationPlatforms) = postSolution
		{D80BD62A-DBC2-4EE4-9022-C084152FC2CC}.Debug|Any CPU.ActiveCfg = Debug|Any CPU
		{D80BD62A-DBC2-4EE4-9022-C084152FC2CC}.Debug|Any CPU.Build.0 = Debug|Any CPU
		{D80BD62A-DBC2-4EE4-9022-C084152FC2CC}.Release|Any CPU.ActiveCfg = Release|Any CPU
		{D80BD62A-DBC2-4EE4-9022-C084152FC2CC}.Release|Any CPU.Build.0 = Release|Any CPU
	EndGlobalSection
	GlobalSection(SolutionProperties) = preSolution
		HideSolutionNode = FALSE
	EndGlobalSection
	GlobalSection(ExtensibilityGlobals) = postSolution
		SolutionGuid = {4210FDDF-9ECE-4E74-A3A0-8109C272B5E9}
	EndGlobalSection
EndGlobal
